# THIS IS AN AUTOGENERATED FILE. DO NOT EDIT THIS FILE DIRECTLY.
# yarn lockfile v1


"@sinonjs/commons@^1", "@sinonjs/commons@^1.3.0", "@sinonjs/commons@^1.7.0":
  version "1.7.2"
  resolved "https://registry.yarnpkg.com/@sinonjs/commons/-/commons-1.7.2.tgz#505f55c74e0272b43f6c52d81946bed7058fc0e2"
  integrity sha512-+DUO6pnp3udV/v2VfUWgaY5BIE1IfT7lLfeDzPVeMT1XKkaAp9LgSI9x5RtrFQoZ9Oi0PgXQQHPaoKu7dCjVxw==
  dependencies:
    type-detect "4.0.8"

"@sinonjs/formatio@^2.0.0":
  version "2.0.0"
  resolved "https://registry.yarnpkg.com/@sinonjs/formatio/-/formatio-2.0.0.tgz#84db7e9eb5531df18a8c5e0bfb6e449e55e654b2"
  integrity sha512-ls6CAMA6/5gG+O/IdsBcblvnd8qcO/l1TYoNeAzp3wcISOxlPXQEus0mLcdwazEkWjaBdaJ3TaxmNgCLWwvWzg==
  dependencies:
    samsam "1.3.0"

"@sinonjs/formatio@^3.2.1":
  version "3.2.2"
  resolved "https://registry.yarnpkg.com/@sinonjs/formatio/-/formatio-3.2.2.tgz#771c60dfa75ea7f2d68e3b94c7e888a78781372c"
  integrity sha512-B8SEsgd8gArBLMD6zpRw3juQ2FVSsmdd7qlevyDqzS9WTCtvF55/gAL+h6gue8ZvPYcdiPdvueM/qm//9XzyTQ==
  dependencies:
    "@sinonjs/commons" "^1"
    "@sinonjs/samsam" "^3.1.0"

"@sinonjs/samsam@^3.1.0":
  version "3.3.3"
  resolved "https://registry.yarnpkg.com/@sinonjs/samsam/-/samsam-3.3.3.tgz#46682efd9967b259b81136b9f120fd54585feb4a"
  integrity sha512-bKCMKZvWIjYD0BLGnNrxVuw4dkWCYsLqFOUWw8VgKF/+5Y+mE7LfHWPIYoDXowH+3a9LsWDMo0uAP8YDosPvHQ==
  dependencies:
    "@sinonjs/commons" "^1.3.0"
    array-from "^2.1.1"
    lodash "^4.17.15"

"@sinonjs/text-encoding@^0.7.1":
  version "0.7.1"
  resolved "https://registry.yarnpkg.com/@sinonjs/text-encoding/-/text-encoding-0.7.1.tgz#8da5c6530915653f3a1f38fd5f101d8c3f8079c5"
  integrity sha512-+iTbntw2IZPb/anVDbypzfQa+ay64MW0Zo8aJ8gZPWMMK6/OubMVb6lUPMagqjOPnmtauXnFCACVl3O7ogjeqQ==

array-from@^2.1.1:
  version "2.1.1"
  resolved "https://registry.yarnpkg.com/array-from/-/array-from-2.1.1.tgz#cfe9d8c26628b9dc5aecc62a9f5d8f1f352c1195"
  integrity sha1-z+nYwmYoudxa7MYqn12PHzUsEZU=

assertion-error@^1.1.0:
  version "1.1.0"
  resolved "https://registry.yarnpkg.com/assertion-error/-/assertion-error-1.1.0.tgz#e60b6b0e8f301bd97e5375215bda406c85118c0b"
  integrity sha512-jgsaNduz+ndvGyFt3uSuWqvy4lCnIJiovtouQN5JZHOKCS2QuhEdbcQHFhVksz2N2U9hXJo8odG7ETyWlEeuDw==

avsc@^5.4.20:
  version "5.4.20"
  resolved "https://registry.yarnpkg.com/avsc/-/avsc-5.4.20.tgz#731b45ef5f17537c3833677ccf10b723a6117ff2"
  integrity sha512-QPn6kswNf4a+ojzor4H8R0GIsVHf/QvsNJrqkt1cvQdhN+6Dx+78MM+NIe05z7yS6adOsq+N2nZWHpYT3z8q7Q==

balanced-match@^1.0.0:
  version "1.0.0"
  resolved "https://registry.yarnpkg.com/balanced-match/-/balanced-match-1.0.0.tgz#89b4d199ab2bee49de164ea02b89ce462d71b767"
  integrity sha1-ibTRmasr7kneFk6gK4nORi1xt2c=

brace-expansion@^1.1.7:
  version "1.1.11"
  resolved "https://registry.yarnpkg.com/brace-expansion/-/brace-expansion-1.1.11.tgz#3c7fcbf529d87226f3d2f52b966ff5271eb441dd"
  integrity sha512-iCuPHDFgrHX7H2vEI/5xpz07zSHB00TpugqhmYtVmMO6518mCuRMoOYFldEBl0g187ufozdaHgWKcYFb61qGiA==
  dependencies:
    balanced-match "^1.0.0"
    concat-map "0.0.1"

browser-stdout@1.3.1:
  version "1.3.1"
  resolved "https://registry.yarnpkg.com/browser-stdout/-/browser-stdout-1.3.1.tgz#baa559ee14ced73452229bad7326467c61fabd60"
  integrity sha512-qhAVI1+Av2X7qelOfAIYwXONood6XlZE/fXaBSmW/T5SzLAmCgzi+eiWE7fUvbHaeNBQH13UftjpXxsfLkMpgw==

chai-as-promised@^7.1.1:
  version "7.1.1"
  resolved "https://registry.yarnpkg.com/chai-as-promised/-/chai-as-promised-7.1.1.tgz#08645d825deb8696ee61725dbf590c012eb00ca0"
  integrity sha512-azL6xMoi+uxu6z4rhWQ1jbdUhOMhis2PvscD/xjLqNMkv3BPPp2JyyuTHOrf9BOosGpNQ11v6BKv/g57RXbiaA==
  dependencies:
    check-error "^1.0.2"

chai@^4.1.2:
  version "4.2.0"
  resolved "https://registry.yarnpkg.com/chai/-/chai-4.2.0.tgz#760aa72cf20e3795e84b12877ce0e83737aa29e5"
  integrity sha512-XQU3bhBukrOsQCuwZndwGcCVQHyZi53fQ6Ys1Fym7E4olpIqqZZhhoFJoaKVvV17lWQoXYwgWN2nF5crA8J2jw==
  dependencies:
    assertion-error "^1.1.0"
    check-error "^1.0.2"
    deep-eql "^3.0.1"
    get-func-name "^2.0.0"
    pathval "^1.1.0"
    type-detect "^4.0.5"

check-error@^1.0.2:
  version "1.0.2"
  resolved "https://registry.yarnpkg.com/check-error/-/check-error-1.0.2.tgz#574d312edd88bb5dd8912e9286dd6c0aed4aac82"
  integrity sha1-V00xLt2Iu13YkS6Sht1sCu1KrII=

commander@2.15.1:
  version "2.15.1"
  resolved "https://registry.yarnpkg.com/commander/-/commander-2.15.1.tgz#df46e867d0fc2aec66a34662b406a9ccafff5b0f"
  integrity sha512-VlfT9F3V0v+jr4yxPc5gg9s62/fIVWsd2Bk2iD435um1NlGMYdVCq+MjcXnhYq2icNOizHr1kK+5TI6H0Hy0ag==

concat-map@0.0.1:
  version "0.0.1"
  resolved "https://registry.yarnpkg.com/concat-map/-/concat-map-0.0.1.tgz#d8a96bd77fd68df7793a73036a3ba0d5405d477b"
  integrity sha1-2Klr13/Wjfd5OnMDajug1UBdR3s=

debug@3.1.0:
  version "3.1.0"
  resolved "https://registry.yarnpkg.com/debug/-/debug-3.1.0.tgz#5bb5a0672628b64149566ba16819e61518c67261"
  integrity sha512-OX8XqP7/1a9cqkxYw2yXss15f26NKWBpDXQd0/uK/KPqdQhxbPa994hnzjcE2VqQpDslf55723cKPUOGSmMY3g==
  dependencies:
    ms "2.0.0"

debug@^3.1.0:
  version "3.2.6"
  resolved "https://registry.yarnpkg.com/debug/-/debug-3.2.6.tgz#e83d17de16d8a7efb7717edbe5fb10135eee629b"
  integrity sha512-mel+jf7nrtEl5Pn1Qx46zARXKDpBbvzezse7p7LqINmdoIk8PYP5SySaxEmYv6TZ0JyEKA1hsCId6DIhgITtWQ==
  dependencies:
    ms "^2.1.1"

deep-eql@^3.0.1:
  version "3.0.1"
  resolved "https://registry.yarnpkg.com/deep-eql/-/deep-eql-3.0.1.tgz#dfc9404400ad1c8fe023e7da1df1c147c4b444df"
  integrity sha512-+QeIQyN5ZuO+3Uk5DYh6/1eKO0m0YmJFGNmFHGACpf1ClL1nmlV/p4gNgbl2pJGxgXb4faqo6UE+M5ACEMyVcw==
  dependencies:
    type-detect "^4.0.0"

deep-equal@^1.0.0:
  version "1.1.1"
  resolved "https://registry.yarnpkg.com/deep-equal/-/deep-equal-1.1.1.tgz#b5c98c942ceffaf7cb051e24e1434a25a2e6076a"
  integrity sha512-yd9c5AdiqVcR+JjcwUQb9DkhJc8ngNr0MahEBGvDiJw8puWab2yZlh+nkasOnZP+EGTAP6rRp2JzJhJZzvNF8g==
  dependencies:
    is-arguments "^1.0.4"
    is-date-object "^1.0.1"
    is-regex "^1.0.4"
    object-is "^1.0.1"
    object-keys "^1.1.1"
    regexp.prototype.flags "^1.2.0"

define-properties@^1.1.2, define-properties@^1.1.3:
  version "1.1.3"
  resolved "https://registry.yarnpkg.com/define-properties/-/define-properties-1.1.3.tgz#cf88da6cbee26fe6db7094f61d870cbd84cee9f1"
  integrity sha512-3MqfYKj2lLzdMSf8ZIZE/V+Zuy+BgD6f164e8K2w7dgnpKArBDerGYpM46IYYcjnkdPNMjPk9A6VFB8+3SKlXQ==
  dependencies:
    object-keys "^1.0.12"

diff@3.5.0, diff@^3.1.0:
  version "3.5.0"
  resolved "https://registry.yarnpkg.com/diff/-/diff-3.5.0.tgz#800c0dd1e0a8bfbc95835c202ad220fe317e5a12"
  integrity sha512-A46qtFgd+g7pDZinpnwiRJtxbC1hpgf0uzP3iG89scHk0AUC7A1TGxf5OiiOUv/JMZR8GOt8hL900hV0bOy5xA==

es-abstract@^1.17.0-next.1, es-abstract@^1.17.5:
  version "1.17.5"
  resolved "https://registry.yarnpkg.com/es-abstract/-/es-abstract-1.17.5.tgz#d8c9d1d66c8981fb9200e2251d799eee92774ae9"
  integrity sha512-BR9auzDbySxOcfog0tLECW8l28eRGpDpU3Dm3Hp4q/N+VtLTmyj4EUN088XZWQDW/hzj6sYRDXeOFsaAODKvpg==
  dependencies:
    es-to-primitive "^1.2.1"
    function-bind "^1.1.1"
    has "^1.0.3"
    has-symbols "^1.0.1"
    is-callable "^1.1.5"
    is-regex "^1.0.5"
    object-inspect "^1.7.0"
    object-keys "^1.1.1"
    object.assign "^4.1.0"
    string.prototype.trimleft "^2.1.1"
    string.prototype.trimright "^2.1.1"

es-to-primitive@^1.2.1:
  version "1.2.1"
  resolved "https://registry.yarnpkg.com/es-to-primitive/-/es-to-primitive-1.2.1.tgz#e55cd4c9cdc188bcefb03b366c736323fc5c898a"
  integrity sha512-QCOllgZJtaUo9miYBcLChTUaHNjJF3PYs1VidD7AwiEj1kYxKeQTctLAezAOH5ZKRH0g2IgPn6KwB4IT8iRpvA==
  dependencies:
    is-callable "^1.1.4"
    is-date-object "^1.0.1"
    is-symbol "^1.0.2"

escape-string-regexp@1.0.5:
  version "1.0.5"
  resolved "https://registry.yarnpkg.com/escape-string-regexp/-/escape-string-regexp-1.0.5.tgz#1b61c0562190a8dff6ae3bb2cf0200ca130b86d4"
  integrity sha1-G2HAViGQqN/2rjuyzwIAyhMLhtQ=

fs.realpath@^1.0.0:
  version "1.0.0"
  resolved "https://registry.yarnpkg.com/fs.realpath/-/fs.realpath-1.0.0.tgz#1504ad2523158caa40db4a2787cb01411994ea4f"
  integrity sha1-FQStJSMVjKpA20onh8sBQRmU6k8=

function-bind@^1.1.1:
  version "1.1.1"
  resolved "https://registry.yarnpkg.com/function-bind/-/function-bind-1.1.1.tgz#a56899d3ea3c9bab874bb9773b7c5ede92f4895d"
  integrity sha512-yIovAzMX49sF8Yl58fSCWJ5svSLuaibPxXQJFLmBObTuCr0Mf1KiPopGM9NiFjiYBCbfaa2Fh6breQ6ANVTI0A==

get-func-name@^2.0.0:
  version "2.0.0"
  resolved "https://registry.yarnpkg.com/get-func-name/-/get-func-name-2.0.0.tgz#ead774abee72e20409433a066366023dd6887a41"
  integrity sha1-6td0q+5y4gQJQzoGY2YCPdaIekE=

glob@7.1.2:
  version "7.1.2"
  resolved "https://registry.yarnpkg.com/glob/-/glob-7.1.2.tgz#c19c9df9a028702d678612384a6552404c636d15"
  integrity sha512-MJTUg1kjuLeQCJ+ccE4Vpa6kKVXkPYJ2mOCQyUuKLcLQsdrMCpBPUi8qVE6+YuaJkozeA9NusTAw3hLr8Xe5EQ==
  dependencies:
    fs.realpath "^1.0.0"
    inflight "^1.0.4"
    inherits "2"
    minimatch "^3.0.4"
    once "^1.3.0"
    path-is-absolute "^1.0.0"

growl@1.10.5:
  version "1.10.5"
  resolved "https://registry.yarnpkg.com/growl/-/growl-1.10.5.tgz#f2735dc2283674fa67478b10181059355c369e5e"
  integrity sha512-qBr4OuELkhPenW6goKVXiv47US3clb3/IbuWF9KNKEijAy9oeHxU9IgzjvJhHkUzhaj7rOUD7+YGWqUjLp5oSA==

has-flag@^3.0.0:
  version "3.0.0"
  resolved "https://registry.yarnpkg.com/has-flag/-/has-flag-3.0.0.tgz#b5d454dc2199ae225699f3467e5a07f3b955bafd"
  integrity sha1-tdRU3CGZriJWmfNGfloH87lVuv0=

has-symbols@^1.0.0, has-symbols@^1.0.1:
  version "1.0.1"
  resolved "https://registry.yarnpkg.com/has-symbols/-/has-symbols-1.0.1.tgz#9f5214758a44196c406d9bd76cebf81ec2dd31e8"
  integrity sha512-PLcsoqu++dmEIZB+6totNFKq/7Do+Z0u4oT0zKOJNl3lYK6vGwwu2hjHs+68OEZbTjiUE9bgOABXbP/GvrS0Kg==

has@^1.0.3:
  version "1.0.3"
  resolved "https://registry.yarnpkg.com/has/-/has-1.0.3.tgz#722d7cbfc1f6aa8241f16dd814e011e1f41e8796"
  integrity sha512-f2dvO0VU6Oej7RkWJGrehjbzMAjFp5/VKPp5tTpWIV4JHHZK1/BxbFRtf/siA2SWTe09caDmVtYYzWEIbBS4zw==
  dependencies:
    function-bind "^1.1.1"

he@1.1.1:
  version "1.1.1"
  resolved "https://registry.yarnpkg.com/he/-/he-1.1.1.tgz#93410fd21b009735151f8868c2f271f3427e23fd"
  integrity sha1-k0EP0hsAlzUVH4howvJx80J+I/0=

inflight@^1.0.4:
  version "1.0.6"
  resolved "https://registry.yarnpkg.com/inflight/-/inflight-1.0.6.tgz#49bd6331d7d02d0c09bc910a1075ba8165b56df9"
  integrity sha1-Sb1jMdfQLQwJvJEKEHW6gWW1bfk=
  dependencies:
    once "^1.3.0"
    wrappy "1"

inherits@2:
  version "2.0.4"
  resolved "https://registry.yarnpkg.com/inherits/-/inherits-2.0.4.tgz#0fa2c64f932917c3433a0ded55363aae37416b7c"
  integrity sha512-k/vGaX4/Yla3WzyMCvTQOXYeIHvqOKtnqBduzTHpzpQZzAskKMhZ2K+EnBiSM9zGSoIFeMpXKxa4dYeZIQqewQ==

is-arguments@^1.0.4:
  version "1.0.4"
  resolved "https://registry.yarnpkg.com/is-arguments/-/is-arguments-1.0.4.tgz#3faf966c7cba0ff437fb31f6250082fcf0448cf3"
  integrity sha512-xPh0Rmt8NE65sNzvyUmWgI1tz3mKq74lGA0mL8LYZcoIzKOzDh6HmrYm3d18k60nHerC8A9Km8kYu87zfSFnLA==

is-callable@^1.1.4, is-callable@^1.1.5:
  version "1.1.5"
  resolved "https://registry.yarnpkg.com/is-callable/-/is-callable-1.1.5.tgz#f7e46b596890456db74e7f6e976cb3273d06faab"
  integrity sha512-ESKv5sMCJB2jnHTWZ3O5itG+O128Hsus4K4Qh1h2/cgn2vbgnLSVqfV46AeJA9D5EeeLa9w81KUXMtn34zhX+Q==

is-date-object@^1.0.1:
  version "1.0.2"
  resolved "https://registry.yarnpkg.com/is-date-object/-/is-date-object-1.0.2.tgz#bda736f2cd8fd06d32844e7743bfa7494c3bfd7e"
  integrity sha512-USlDT524woQ08aoZFzh3/Z6ch9Y/EWXEHQ/AaRN0SkKq4t2Jw2R2339tSXmwuVoY7LLlBCbOIlx2myP/L5zk0g==

is-regex@^1.0.4, is-regex@^1.0.5:
  version "1.0.5"
  resolved "https://registry.yarnpkg.com/is-regex/-/is-regex-1.0.5.tgz#39d589a358bf18967f726967120b8fc1aed74eae"
  integrity sha512-vlKW17SNq44owv5AQR3Cq0bQPEb8+kF3UKZ2fiZNOWtztYE5i0CzCZxFDwO58qAOWtxdBRVO/V5Qin1wjCqFYQ==
  dependencies:
    has "^1.0.3"

is-symbol@^1.0.2:
  version "1.0.3"
  resolved "https://registry.yarnpkg.com/is-symbol/-/is-symbol-1.0.3.tgz#38e1014b9e6329be0de9d24a414fd7441ec61937"
  integrity sha512-OwijhaRSgqvhm/0ZdAcXNZt9lYdKFpcRDT5ULUuYXPoT794UNOdU+gpT6Rzo7b4V2HUl/op6GqY894AZwv9faQ==
  dependencies:
    has-symbols "^1.0.1"

isarray@0.0.1:
  version "0.0.1"
  resolved "https://registry.yarnpkg.com/isarray/-/isarray-0.0.1.tgz#8a18acfca9a8f4177e09abfc6038939b05d1eedf"
  integrity sha1-ihis/Kmo9Bd+Cav8YDiTmwXR7t8=

json-stringify-safe@^5.0.1:
  version "5.0.1"
  resolved "https://registry.yarnpkg.com/json-stringify-safe/-/json-stringify-safe-5.0.1.tgz#1296a2d58fd45f19a0f6ce01d65701e2c735b6eb"
  integrity sha1-Epai1Y/UXxmg9s4B1lcB4sc1tus=

just-extend@^4.0.2:
  version "4.1.0"
  resolved "https://registry.yarnpkg.com/just-extend/-/just-extend-4.1.0.tgz#7278a4027d889601640ee0ce0e5a00b992467da4"
  integrity sha512-ApcjaOdVTJ7y4r08xI5wIqpvwS48Q0PBG4DJROcEkH1f8MdAiNFyFxz3xoL0LWAVwjrwPYZdVHHxhRHcx/uGLA==

lodash.get@^4.4.2:
  version "4.4.2"
  resolved "https://registry.yarnpkg.com/lodash.get/-/lodash.get-4.4.2.tgz#2d177f652fa31e939b4438d5341499dfa3825e99"
  integrity sha1-LRd/ZS+jHpObRDjVNBSZ36OCXpk=

lodash@^4.17.15, lodash@^4.17.5:
  version "4.17.15"
  resolved "https://registry.yarnpkg.com/lodash/-/lodash-4.17.15.tgz#b447f6670a0455bbfeedd11392eff330ea097548"
  integrity sha512-8xOcRHvCjnocdS5cpwXQXVzmmh5e5+saE2QGoeQmbKmRS6J3VQppPOIt0MnmE+4xlZoumy0GPG0D0MVIQbNA1A==

lolex@^2.2.0:
  version "2.7.5"
  resolved "https://registry.yarnpkg.com/lolex/-/lolex-2.7.5.tgz#113001d56bfc7e02d56e36291cc5c413d1aa0733"
  integrity sha512-l9x0+1offnKKIzYVjyXU2SiwhXDLekRzKyhnbyldPHvC7BvLPVpdNUNR2KeMAiCN2D/kLNttZgQD5WjSxuBx3Q==

lolex@^5.0.1:
  version "5.1.2"
  resolved "https://registry.yarnpkg.com/lolex/-/lolex-5.1.2.tgz#953694d098ce7c07bc5ed6d0e42bc6c0c6d5a367"
  integrity sha512-h4hmjAvHTmd+25JSwrtTIuwbKdwg5NzZVRMLn9saij4SZaepCrTCxPr35H/3bjwfMJtN+t3CX8672UIkglz28A==
  dependencies:
    "@sinonjs/commons" "^1.7.0"

minimatch@3.0.4, minimatch@^3.0.4:
  version "3.0.4"
  resolved "https://registry.yarnpkg.com/minimatch/-/minimatch-3.0.4.tgz#5166e286457f03306064be5497e8dbb0c3d32083"
  integrity sha512-yJHVQEhyqPLUTgt9B83PXu6W3rx4MvvHvSUvToogpwoGDOUQ+yDrR0HRot+yOCdCO7u4hX3pWft6kWBBcqh0UA==
  dependencies:
    brace-expansion "^1.1.7"

minimist@0.0.8:
  version "0.0.8"
  resolved "https://registry.yarnpkg.com/minimist/-/minimist-0.0.8.tgz#857fcabfc3397d2625b8228262e86aa7a011b05d"
  integrity sha1-hX/Kv8M5fSYluCKCYuhqp6ARsF0=

minimist@^1.2.5:
  version "1.2.5"
  resolved "https://registry.yarnpkg.com/minimist/-/minimist-1.2.5.tgz#67d66014b66a6a8aaa0c083c5fd58df4e4e97602"
  integrity sha512-FM9nNUYrRBAELZQT3xeZQ7fmMOBg6nWNmJKTcgsJeaLstP/UODVpGsr5OhXhhXg6f+qtJ8uiZ+PUxkDWcgIXLw==

mkdirp@0.5.1:
  version "0.5.1"
  resolved "https://registry.yarnpkg.com/mkdirp/-/mkdirp-0.5.1.tgz#30057438eac6cf7f8c4767f38648d6697d75c903"
  integrity sha1-MAV0OOrGz3+MR2fzhkjWaX11yQM=
  dependencies:
    minimist "0.0.8"

mkdirp@^0.5.0:
  version "0.5.5"
  resolved "https://registry.yarnpkg.com/mkdirp/-/mkdirp-0.5.5.tgz#d91cefd62d1436ca0f41620e251288d420099def"
  integrity sha512-NKmAlESf6jMGym1++R0Ra7wvhV+wFW63FaSOFPwRahvea0gMUcGUhVeAg/0BC0wiv9ih5NYPB1Wn1UEI1/L+xQ==
  dependencies:
    minimist "^1.2.5"

mocha@^5.0.3:
  version "5.2.0"
  resolved "https://registry.yarnpkg.com/mocha/-/mocha-5.2.0.tgz#6d8ae508f59167f940f2b5b3c4a612ae50c90ae6"
  integrity sha512-2IUgKDhc3J7Uug+FxMXuqIyYzH7gJjXECKe/w43IGgQHTSj3InJi+yAA7T24L9bQMRKiUEHxEX37G5JpVUGLcQ==
  dependencies:
    browser-stdout "1.3.1"
    commander "2.15.1"
    debug "3.1.0"
    diff "3.5.0"
    escape-string-regexp "1.0.5"
    glob "7.1.2"
    growl "1.10.5"
    he "1.1.1"
    minimatch "3.0.4"
    mkdirp "0.5.1"
    supports-color "5.4.0"

ms@2.0.0:
  version "2.0.0"
  resolved "https://registry.yarnpkg.com/ms/-/ms-2.0.0.tgz#5608aeadfc00be6c2901df5f9861788de0d597c8"
  integrity sha1-VgiurfwAvmwpAd9fmGF4jeDVl8g=

ms@^2.1.1:
  version "2.1.2"
  resolved "https://registry.yarnpkg.com/ms/-/ms-2.1.2.tgz#d09d1f357b443f493382a8eb3ccd183872ae6009"
  integrity sha512-sGkPx+VjMtmA6MX27oA4FBFELFCZZ4S4XqeGOXCv68tT+jb3vk/RyaKWP0PTKyWtmLSM0b+adUTEvbs1PEaH2w==

nise@^1.2.0:
  version "1.5.3"
  resolved "https://registry.yarnpkg.com/nise/-/nise-1.5.3.tgz#9d2cfe37d44f57317766c6e9408a359c5d3ac1f7"
  integrity sha512-Ymbac/94xeIrMf59REBPOv0thr+CJVFMhrlAkW/gjCIE58BGQdCj0x7KRCb3yz+Ga2Rz3E9XXSvUyyxqqhjQAQ==
  dependencies:
    "@sinonjs/formatio" "^3.2.1"
    "@sinonjs/text-encoding" "^0.7.1"
    just-extend "^4.0.2"
    lolex "^5.0.1"
    path-to-regexp "^1.7.0"

nock@^9.2.3:
  version "9.6.1"
  resolved "https://registry.yarnpkg.com/nock/-/nock-9.6.1.tgz#d96e099be9bc1d0189a77f4490bbbb265c381b49"
  integrity sha512-EDgl/WgNQ0C1BZZlASOQkQdE6tAWXJi8QQlugqzN64JJkvZ7ILijZuG24r4vCC7yOfnm6HKpne5AGExLGCeBWg==
  dependencies:
    chai "^4.1.2"
    debug "^3.1.0"
    deep-equal "^1.0.0"
    json-stringify-safe "^5.0.1"
    lodash "^4.17.5"
    mkdirp "^0.5.0"
    propagate "^1.0.0"
    qs "^6.5.1"
    semver "^5.5.0"

object-inspect@^1.7.0:
  version "1.7.0"
  resolved "https://registry.yarnpkg.com/object-inspect/-/object-inspect-1.7.0.tgz#f4f6bd181ad77f006b5ece60bd0b6f398ff74a67"
  integrity sha512-a7pEHdh1xKIAgTySUGgLMx/xwDZskN1Ud6egYYN3EdRW4ZMPNEDUTF+hwy2LUC+Bl+SyLXANnwz/jyh/qutKUw==

object-is@^1.0.1:
  version "1.0.2"
  resolved "https://registry.yarnpkg.com/object-is/-/object-is-1.0.2.tgz#6b80eb84fe451498f65007982f035a5b445edec4"
  integrity sha512-Epah+btZd5wrrfjkJZq1AOB9O6OxUQto45hzFd7lXGrpHPGE0W1k+426yrZV+k6NJOzLNNW/nVsmZdIWsAqoOQ==

object-keys@^1.0.11, object-keys@^1.0.12, object-keys@^1.1.1:
  version "1.1.1"
  resolved "https://registry.yarnpkg.com/object-keys/-/object-keys-1.1.1.tgz#1c47f272df277f3b1daf061677d9c82e2322c60e"
  integrity sha512-NuAESUOUMrlIXOfHKzD6bpPu3tYt3xvjNdRIQ+FeT0lNb4K8WR70CaDxhuNguS2XG+GjkyMwOzsN5ZktImfhLA==

object.assign@^4.1.0:
  version "4.1.0"
  resolved "https://registry.yarnpkg.com/object.assign/-/object.assign-4.1.0.tgz#968bf1100d7956bb3ca086f006f846b3bc4008da"
  integrity sha512-exHJeq6kBKj58mqGyTQ9DFvrZC/eR6OwxzoM9YRoGBqrXYonaFyGiFMuc9VZrXf7DarreEwMpurG3dd+CNyW5w==
  dependencies:
    define-properties "^1.1.2"
    function-bind "^1.1.1"
    has-symbols "^1.0.0"
    object-keys "^1.0.11"

once@^1.3.0:
  version "1.4.0"
  resolved "https://registry.yarnpkg.com/once/-/once-1.4.0.tgz#583b1aa775961d4b113ac17d9c50baef9dd76bd1"
  integrity sha1-WDsap3WWHUsROsF9nFC6753Xa9E=
  dependencies:
    wrappy "1"

path-is-absolute@^1.0.0:
  version "1.0.1"
  resolved "https://registry.yarnpkg.com/path-is-absolute/-/path-is-absolute-1.0.1.tgz#174b9268735534ffbc7ace6bf53a5a9e1b5c5f5f"
  integrity sha1-F0uSaHNVNP+8es5r9TpanhtcX18=

path-to-regexp@^1.7.0:
  version "1.8.0"
  resolved "https://registry.yarnpkg.com/path-to-regexp/-/path-to-regexp-1.8.0.tgz#887b3ba9d84393e87a0a0b9f4cb756198b53548a"
  integrity sha512-n43JRhlUKUAlibEJhPeir1ncUID16QnEjNpwzNdO3Lm4ywrBpBZ5oLD0I6br9evr1Y9JTqwRtAh7JLoOzAQdVA==
  dependencies:
    isarray "0.0.1"

pathval@^1.1.0:
  version "1.1.0"
  resolved "https://registry.yarnpkg.com/pathval/-/pathval-1.1.0.tgz#b942e6d4bde653005ef6b71361def8727d0645e0"
  integrity sha1-uULm1L3mUwBe9rcTYd74cn0GReA=

propagate@^1.0.0:
  version "1.0.0"
  resolved "https://registry.yarnpkg.com/propagate/-/propagate-1.0.0.tgz#00c2daeedda20e87e3782b344adba1cddd6ad709"
  integrity sha1-AMLa7t2iDofjeCs0Stuhzd1q1wk=

qs@^6.5.1:
  version "6.9.3"
  resolved "https://registry.yarnpkg.com/qs/-/qs-6.9.3.tgz#bfadcd296c2d549f1dffa560619132c977f5008e"
  integrity sha512-EbZYNarm6138UKKq46tdx08Yo/q9ZhFoAXAI1meAFd2GtbRDhbZY2WQSICskT0c5q99aFzLG1D4nvTk9tqfXIw==

regexp.prototype.flags@^1.2.0:
  version "1.3.0"
  resolved "https://registry.yarnpkg.com/regexp.prototype.flags/-/regexp.prototype.flags-1.3.0.tgz#7aba89b3c13a64509dabcf3ca8d9fbb9bdf5cb75"
  integrity sha512-2+Q0C5g951OlYlJz6yu5/M33IcsESLlLfsyIaLJaG4FA2r4yP8MvVMJUUP/fVBkSpbbbZlS5gynbEWLipiiXiQ==
  dependencies:
    define-properties "^1.1.3"
    es-abstract "^1.17.0-next.1"

samsam@1.3.0:
  version "1.3.0"
  resolved "https://registry.yarnpkg.com/samsam/-/samsam-1.3.0.tgz#8d1d9350e25622da30de3e44ba692b5221ab7c50"
  integrity sha512-1HwIYD/8UlOtFS3QO3w7ey+SdSDFE4HRNLZoZRYVQefrOY3l17epswImeB1ijgJFQJodIaHcwkp3r/myBjFVbg==

semver@^5.5.0:
  version "5.7.1"
  resolved "https://registry.yarnpkg.com/semver/-/semver-5.7.1.tgz#a954f931aeba508d307bbf069eff0c01c96116f7"
  integrity sha512-sauaDf/PZdVgrLTNYHRtpXa1iRiKcaebiKQ1BJdpQlWH2lCvexQdX55snPFyK7QzpudqbCI0qXFfOasHdyNDGQ==

sinon@^4.4.2:
  version "4.5.0"
  resolved "https://registry.yarnpkg.com/sinon/-/sinon-4.5.0.tgz#427ae312a337d3c516804ce2754e8c0d5028cb04"
  integrity sha512-trdx+mB0VBBgoYucy6a9L7/jfQOmvGeaKZT4OOJ+lPAtI8623xyGr8wLiE4eojzBS8G9yXbhx42GHUOVLr4X2w==
  dependencies:
    "@sinonjs/formatio" "^2.0.0"
    diff "^3.1.0"
    lodash.get "^4.4.2"
    lolex "^2.2.0"
    nise "^1.2.0"
    supports-color "^5.1.0"
    type-detect "^4.0.5"

string.prototype.trimend@^1.0.0:
  version "1.0.1"
  resolved "https://registry.yarnpkg.com/string.prototype.trimend/-/string.prototype.trimend-1.0.1.tgz#85812a6b847ac002270f5808146064c995fb6913"
  integrity sha512-LRPxFUaTtpqYsTeNKaFOw3R4bxIzWOnbQ837QfBylo8jIxtcbK/A/sMV7Q+OAV/vWo+7s25pOE10KYSjaSO06g==
  dependencies:
    define-properties "^1.1.3"
    es-abstract "^1.17.5"

string.prototype.trimleft@^2.1.1:
  version "2.1.2"
  resolved "https://registry.yarnpkg.com/string.prototype.trimleft/-/string.prototype.trimleft-2.1.2.tgz#4408aa2e5d6ddd0c9a80739b087fbc067c03b3cc"
  integrity sha512-gCA0tza1JBvqr3bfAIFJGqfdRTyPae82+KTnm3coDXkZN9wnuW3HjGgN386D7hfv5CHQYCI022/rJPVlqXyHSw==
  dependencies:
    define-properties "^1.1.3"
    es-abstract "^1.17.5"
    string.prototype.trimstart "^1.0.0"

string.prototype.trimright@^2.1.1:
  version "2.1.2"
  resolved "https://registry.yarnpkg.com/string.prototype.trimright/-/string.prototype.trimright-2.1.2.tgz#c76f1cef30f21bbad8afeb8db1511496cfb0f2a3"
  integrity sha512-ZNRQ7sY3KroTaYjRS6EbNiiHrOkjihL9aQE/8gfQ4DtAC/aEBRHFJa44OmoWxGGqXuJlfKkZW4WcXErGr+9ZFg==
  dependencies:
    define-properties "^1.1.3"
    es-abstract "^1.17.5"
    string.prototype.trimend "^1.0.0"

string.prototype.trimstart@^1.0.0:
  version "1.0.1"
  resolved "https://registry.yarnpkg.com/string.prototype.trimstart/-/string.prototype.trimstart-1.0.1.tgz#14af6d9f34b053f7cfc89b72f8f2ee14b9039a54"
  integrity sha512-XxZn+QpvrBI1FOcg6dIpxUPgWCPuNXvMD72aaRaUQv1eD4e/Qy8i/hFTe0BUmD60p/QA6bh1avmuPTfNjqVWRw==
  dependencies:
    define-properties "^1.1.3"
    es-abstract "^1.17.5"

supports-color@5.4.0:
  version "5.4.0"
  resolved "https://registry.yarnpkg.com/supports-color/-/supports-color-5.4.0.tgz#1c6b337402c2137605efe19f10fec390f6faab54"
  integrity sha512-zjaXglF5nnWpsq470jSv6P9DwPvgLkuapYmfDm3JWOm0vkNTVF2tI4UrN2r6jH1qM/uc/WtxYY1hYoA2dOKj5w==
  dependencies:
    has-flag "^3.0.0"

supports-color@^5.1.0:
  version "5.5.0"
  resolved "https://registry.yarnpkg.com/supports-color/-/supports-color-5.5.0.tgz#e2e69a44ac8772f78a1ec0b35b689df6530efc8f"
  integrity sha512-QjVjwdXIt408MIiAqCX4oUKsgU2EqAGzs2Ppkm4aQYbjm+ZEWEcW4SfFNTr4uMNZma0ey4f5lgLrkB0aX0QMow==
  dependencies:
    has-flag "^3.0.0"

type-detect@4.0.8, type-detect@^4.0.0, type-detect@^4.0.5:
  version "4.0.8"
  resolved "https://registry.yarnpkg.com/type-detect/-/type-detect-4.0.8.tgz#7646fb5f18871cfbb7749e69bd39a6388eb7450c"
  integrity sha512-0fr/mIH1dlO+x7TlcMy+bIDqKPsw/70tVyeHW787goQjhmqaZe10uwLujubK9q9Lg6Fiho1KUKDYz0Z7k7g5/g==

uuid@^7.0.3:
  version "7.0.3"
  resolved "https://registry.yarnpkg.com/uuid/-/uuid-7.0.3.tgz#c5c9f2c8cf25dc0a372c4df1441c41f5bd0c680b"
  integrity sha512-DPSke0pXhTZgoF/d+WSt2QaKMCFSfx7QegxEWT+JOuHF5aWrKEn0G+ztjuJg/gG8/ItK+rbPCD/yNv8yyih6Cg==

wrappy@1:
  version "1.0.2"
  resolved "https://registry.yarnpkg.com/wrappy/-/wrappy-1.0.2.tgz#b5243d8f3ec1aa35f1364605bc0d1036e30ab69f"
  integrity sha1-tSQ9jz7BqjXxNkYFvA0QNuMKtp8=
